// !$*UTF8*$!
{
	archiveVersion = 1;
	classes = {
	};
	objectVersion = 77;
	objects = {

/* Begin PBXBuildFile section */
		09ABE2E1400E88BC0CCB15D3 /* AppSettings.swift in Sources */ = {isa = PBXBuildFile; fileRef = F48871D10B516169D69F88B6 /* AppSettings.swift */; };
		27FA4D49277FBC5EF4BA90E1 /* AddToDejaEntendu.appex in Embed Foundation Extensions */ = {isa = PBXBuildFile; fileRef = 5D7C91F03475E5BE03BD8EC2 /* AddToDejaEntendu.appex */; settings = {ATTRIBUTES = (RemoveHeadersOnCopy, ); }; };
		2C4760BA986A0BDD263AC21E /* TranscriptionRunnerView.swift in Sources */ = {isa = PBXBuildFile; fileRef = F2D90040DF0148DEA2482634 /* TranscriptionRunnerView.swift */; };
		2FF75223233F3A606B2E6193 /* AudioIngestion.swift in Sources */ = {isa = PBXBuildFile; fileRef = D405202E2232960E90E45F78 /* AudioIngestion.swift */; };
		32C35E55ABA9DA1280FED30B /* Assets.xcassets in Resources */ = {isa = PBXBuildFile; fileRef = B50FE10824FC85FD864D8317 /* Assets.xcassets */; };
		367D83537D932CA8CF80A219 /* VocabularyFlashcardView.swift in Sources */ = {isa = PBXBuildFile; fileRef = E81A7526DFA047699A0A2804 /* VocabularyFlashcardView.swift */; };
		395A311BB2EA35B39E0A324B /* IrohaExplorerView.swift in Sources */ = {isa = PBXBuildFile; fileRef = 4097CB9BABDA7CDC95A8A86C /* IrohaExplorerView.swift */; };
		4747BB10B262695C49AF849D /* VocabularyEntry.swift in Sources */ = {isa = PBXBuildFile; fileRef = 241C2FC09591C0730AA0EF55 /* VocabularyEntry.swift */; };
		48D40D6016A289D197A8544F /* VocabularyListView.swift in Sources */ = {isa = PBXBuildFile; fileRef = 0909CDAE2AEC3B3672066AA3 /* VocabularyListView.swift */; };
		4A9D006ABCFD3DA1463D0AF2 /* StudyNoteGenerator.swift in Sources */ = {isa = PBXBuildFile; fileRef = 31C9B7C7306890A74F4BEA9D /* StudyNoteGenerator.swift */; };
		4BD2C3C830E13087C9D8A09C /* SettingsView.swift in Sources */ = {isa = PBXBuildFile; fileRef = CB97030EE7AF1FA03613B818 /* SettingsView.swift */; };
		51F93B6E291A26AE2417EB15 /* ImageImportView.swift in Sources */ = {isa = PBXBuildFile; fileRef = D0F7CDA6E7635DCCD37D446B /* ImageImportView.swift */; };
		531CFFE2A135F991C5E2349B /* HomeSummaryView.swift in Sources */ = {isa = PBXBuildFile; fileRef = 98E767063B7F412349B1C30D /* HomeSummaryView.swift */; };
		60BED0A232FDDCD645DE9000 /* SupportedLanguage.swift in Sources */ = {isa = PBXBuildFile; fileRef = 4B853B1C7C82C455A6977DCE /* SupportedLanguage.swift */; };
		635476BF673B235B3805E1E7 /* ImportedRecordingStore.swift in Sources */ = {isa = PBXBuildFile; fileRef = 6440D69292ACCD843EC41B7F /* ImportedRecordingStore.swift */; };
		63673C8FAC2E483D6726F630 /* ImportedRecording.swift in Sources */ = {isa = PBXBuildFile; fileRef = 9097D3B807C2021D8C5C6E0D /* ImportedRecording.swift */; };
		649C6805328AF662B06D3AAE /* TextImportView.swift in Sources */ = {isa = PBXBuildFile; fileRef = C24E362BF1C8AEEA29B3F6D8 /* TextImportView.swift */; };
		6EB07C5380A14687F7E46655 /* ImportedTextSample.swift in Sources */ = {isa = PBXBuildFile; fileRef = F585D65415D0CE0E02AF4217 /* ImportedTextSample.swift */; };
		75CCB407447E900359D8053E /* PinyinConverter.swift in Sources */ = {isa = PBXBuildFile; fileRef = 545CED820912E84C60D93AEA /* PinyinConverter.swift */; };
		77797AD12F21257B3216CC57 /* SpeechTranscriberService.swift in Sources */ = {isa = PBXBuildFile; fileRef = 2E654C219D0CE7AF3C28A4DB /* SpeechTranscriberService.swift */; };
		8BF0D6D13DE6DE67344DBB05 /* DejaEntenduApp.swift in Sources */ = {isa = PBXBuildFile; fileRef = 3B99D0191D8A4292C6A7D00F /* DejaEntenduApp.swift */; };
		916620EA4DD1CB2BA40582D4 /* ImportedImageSampleStore.swift in Sources */ = {isa = PBXBuildFile; fileRef = 489F630F10CCC1FCD7D72003 /* ImportedImageSampleStore.swift */; };
		936DA7774EF26E9B2853F17C /* SampleKind.swift in Sources */ = {isa = PBXBuildFile; fileRef = 9A2EBF056B94C85D30F3A72F /* SampleKind.swift */; };
		93E39111A8A1D46D559374EF /* TextSegmentation.swift in Sources */ = {isa = PBXBuildFile; fileRef = 400C3472BB8E1C51B4EE4CEC /* TextSegmentation.swift */; };
		95724C5DBF8018B796C3BF50 /* HomeView.swift in Sources */ = {isa = PBXBuildFile; fileRef = ED8B6E871C12B6F530C01D7B /* HomeView.swift */; };
		A072511B809A6011E9CE02DE /* VocabularyStore.swift in Sources */ = {isa = PBXBuildFile; fileRef = 1497FE23ADF47C5FBBE22EC2 /* VocabularyStore.swift */; };
		A35CB35F9875D5B0AF32C314 /* FlowLayout.swift in Sources */ = {isa = PBXBuildFile; fileRef = 9453282B623D19EFE79CC6A0 /* FlowLayout.swift */; };
		ABEDF272E91FA658B66645D2 /* ShareViewController.swift in Sources */ = {isa = PBXBuildFile; fileRef = 01BDDE5661401078A20C46D7 /* ShareViewController.swift */; };
		AD1468F326E8C99106E35ECE /* AnySample.swift in Sources */ = {isa = PBXBuildFile; fileRef = 1B3BF8F0E9050EE05E44893D /* AnySample.swift */; };
		AEB3EE02C6A968B359CD9AC6 /* SamplesView.swift in Sources */ = {isa = PBXBuildFile; fileRef = C73E6F801309AF213CFBBCA2 /* SamplesView.swift */; };
		AF18FE5F3D4125A28382DEB3 /* AddVocabularyWordView.swift in Sources */ = {isa = PBXBuildFile; fileRef = FD6D200A8D247A5D5469DE2F /* AddVocabularyWordView.swift */; };
		B5151C51163BD857B98D4AE4 /* ImportedImageSample.swift in Sources */ = {isa = PBXBuildFile; fileRef = 654D8ADF7B7D91BD35289A09 /* ImportedImageSample.swift */; };
		CC89ABD3012341C29FFCEEC8 /* FlashcardGenerator.swift in Sources */ = {isa = PBXBuildFile; fileRef = C6918E083C67DB08FEAAA331 /* FlashcardGenerator.swift */; };
		CCC99BA07416940EC74E6C78 /* AppTheme.swift in Sources */ = {isa = PBXBuildFile; fileRef = B82F10D3493959AFBE24EE55 /* AppTheme.swift */; };
		D9AB589FE6E3A4209AFD8993 /* ImportedTextSampleStore.swift in Sources */ = {isa = PBXBuildFile; fileRef = B2D17CA92068C6A51894D2BE /* ImportedTextSampleStore.swift */; };
		E10D8237FDB27C68FB8225F7 /* SampleTextGenerator.swift in Sources */ = {isa = PBXBuildFile; fileRef = 75709728282290EBEA77AAE6 /* SampleTextGenerator.swift */; };
		E83036AEB3873C15437896BC /* AudioTranscoder.swift in Sources */ = {isa = PBXBuildFile; fileRef = 4436C189F27EDA7AD4F93AFB /* AudioTranscoder.swift */; };
		F5144C6225E892056450FCD4 /* ImageIngestion.swift in Sources */ = {isa = PBXBuildFile; fileRef = 36DE32ACD2CF7A4D7EE87328 /* ImageIngestion.swift */; };
		F6CAFEF06BA6318E3BC9C464 /* WordGlossGenerator.swift in Sources */ = {isa = PBXBuildFile; fileRef = 36497FF3E478215B6B0196F9 /* WordGlossGenerator.swift */; };
		F9A9E6B14BAFDA3DDB9061C3 /* SharedContainer.swift in Sources */ = {isa = PBXBuildFile; fileRef = B868C956265CD4F61FBE8756 /* SharedContainer.swift */; };
/* End PBXBuildFile section */

/* Begin PBXContainerItemProxy section */
		3243B375F555F13928FC1F52 /* PBXContainerItemProxy */ = {
			isa = PBXContainerItemProxy;
			containerPortal = 8412541A4187DCDE118FD657 /* Project object */;
			proxyType = 1;
			remoteGlobalIDString = 683EFAD6250B3CA81A567F14;
			remoteInfo = AddToDejaEntendu;
		};
/* End PBXContainerItemProxy section */

/* Begin PBXCopyFilesBuildPhase section */
		F74F04CB13C1F74285FF209C /* Embed Foundation Extensions */ = {
			isa = PBXCopyFilesBuildPhase;
			buildActionMask = 2147483647;
			dstPath = "";
			dstSubfolderSpec = 13;
			files = (
				27FA4D49277FBC5EF4BA90E1 /* AddToDejaEntendu.appex in Embed Foundation Extensions */,
			);
			name = "Embed Foundation Extensions";
			runOnlyForDeploymentPostprocessing = 0;
		};
/* End PBXCopyFilesBuildPhase section */

/* Begin PBXFileReference section */
		01BDDE5661401078A20C46D7 /* ShareViewController.swift */ = {isa = PBXFileReference; lastKnownFileType = sourcecode.swift; path = ShareViewController.swift; sourceTree = "<group>"; };
		0909CDAE2AEC3B3672066AA3 /* VocabularyListView.swift */ = {isa = PBXFileReference; lastKnownFileType = sourcecode.swift; path = VocabularyListView.swift; sourceTree = "<group>"; };
		1497FE23ADF47C5FBBE22EC2 /* VocabularyStore.swift */ = {isa = PBXFileReference; lastKnownFileType = sourcecode.swift; path = VocabularyStore.swift; sourceTree = "<group>"; };
		1B3BF8F0E9050EE05E44893D /* AnySample.swift */ = {isa = PBXFileReference; lastKnownFileType = sourcecode.swift; path = AnySample.swift; sourceTree = "<group>"; };
		241C2FC09591C0730AA0EF55 /* VocabularyEntry.swift */ = {isa = PBXFileReference; lastKnownFileType = sourcecode.swift; path = VocabularyEntry.swift; sourceTree = "<group>"; };
		2E654C219D0CE7AF3C28A4DB /* SpeechTranscriberService.swift */ = {isa = PBXFileReference; lastKnownFileType = sourcecode.swift; path = SpeechTranscriberService.swift; sourceTree = "<group>"; };
		31C9B7C7306890A74F4BEA9D /* StudyNoteGenerator.swift */ = {isa = PBXFileReference; lastKnownFileType = sourcecode.swift; path = StudyNoteGenerator.swift; sourceTree = "<group>"; };
		36497FF3E478215B6B0196F9 /* WordGlossGenerator.swift */ = {isa = PBXFileReference; lastKnownFileType = sourcecode.swift; path = WordGlossGenerator.swift; sourceTree = "<group>"; };
		36DE32ACD2CF7A4D7EE87328 /* ImageIngestion.swift */ = {isa = PBXFileReference; lastKnownFileType = sourcecode.swift; path = ImageIngestion.swift; sourceTree = "<group>"; };
		3B99D0191D8A4292C6A7D00F /* DejaEntenduApp.swift */ = {isa = PBXFileReference; lastKnownFileType = sourcecode.swift; path = DejaEntenduApp.swift; sourceTree = "<group>"; };
		400C3472BB8E1C51B4EE4CEC /* TextSegmentation.swift */ = {isa = PBXFileReference; lastKnownFileType = sourcecode.swift; path = TextSegmentation.swift; sourceTree = "<group>"; };
		4097CB9BABDA7CDC95A8A86C /* IrohaExplorerView.swift */ = {isa = PBXFileReference; lastKnownFileType = sourcecode.swift; path = IrohaExplorerView.swift; sourceTree = "<group>"; };
		4436C189F27EDA7AD4F93AFB /* AudioTranscoder.swift */ = {isa = PBXFileReference; lastKnownFileType = sourcecode.swift; path = AudioTranscoder.swift; sourceTree = "<group>"; };
		489F630F10CCC1FCD7D72003 /* ImportedImageSampleStore.swift */ = {isa = PBXFileReference; lastKnownFileType = sourcecode.swift; path = ImportedImageSampleStore.swift; sourceTree = "<group>"; };
		4B853B1C7C82C455A6977DCE /* SupportedLanguage.swift */ = {isa = PBXFileReference; lastKnownFileType = sourcecode.swift; path = SupportedLanguage.swift; sourceTree = "<group>"; };
		545CED820912E84C60D93AEA /* PinyinConverter.swift */ = {isa = PBXFileReference; lastKnownFileType = sourcecode.swift; path = PinyinConverter.swift; sourceTree = "<group>"; };
		5B5932862BBCA2002043D148 /* DejaEntendu.entitlements */ = {isa = PBXFileReference; lastKnownFileType = text.plist.entitlements; path = DejaEntendu.entitlements; sourceTree = "<group>"; };
		5D7C91F03475E5BE03BD8EC2 /* AddToDejaEntendu.appex */ = {isa = PBXFileReference; includeInIndex = 0; lastKnownFileType = "wrapper.app-extension"; path = AddToDejaEntendu.appex; sourceTree = BUILT_PRODUCTS_DIR; };
		6440D69292ACCD843EC41B7F /* ImportedRecordingStore.swift */ = {isa = PBXFileReference; lastKnownFileType = sourcecode.swift; path = ImportedRecordingStore.swift; sourceTree = "<group>"; };
		654D8ADF7B7D91BD35289A09 /* ImportedImageSample.swift */ = {isa = PBXFileReference; lastKnownFileType = sourcecode.swift; path = ImportedImageSample.swift; sourceTree = "<group>"; };
		75709728282290EBEA77AAE6 /* SampleTextGenerator.swift */ = {isa = PBXFileReference; lastKnownFileType = sourcecode.swift; path = SampleTextGenerator.swift; sourceTree = "<group>"; };
		9097D3B807C2021D8C5C6E0D /* ImportedRecording.swift */ = {isa = PBXFileReference; lastKnownFileType = sourcecode.swift; path = ImportedRecording.swift; sourceTree = "<group>"; };
		9453282B623D19EFE79CC6A0 /* FlowLayout.swift */ = {isa = PBXFileReference; lastKnownFileType = sourcecode.swift; path = FlowLayout.swift; sourceTree = "<group>"; };
		98E767063B7F412349B1C30D /* HomeSummaryView.swift */ = {isa = PBXFileReference; lastKnownFileType = sourcecode.swift; path = HomeSummaryView.swift; sourceTree = "<group>"; };
		9A2EBF056B94C85D30F3A72F /* SampleKind.swift */ = {isa = PBXFileReference; lastKnownFileType = sourcecode.swift; path = SampleKind.swift; sourceTree = "<group>"; };
		B2D17CA92068C6A51894D2BE /* ImportedTextSampleStore.swift */ = {isa = PBXFileReference; lastKnownFileType = sourcecode.swift; path = ImportedTextSampleStore.swift; sourceTree = "<group>"; };
		B50FE10824FC85FD864D8317 /* Assets.xcassets */ = {isa = PBXFileReference; lastKnownFileType = folder.assetcatalog; path = Assets.xcassets; sourceTree = "<group>"; };
		B82F10D3493959AFBE24EE55 /* AppTheme.swift */ = {isa = PBXFileReference; lastKnownFileType = sourcecode.swift; path = AppTheme.swift; sourceTree = "<group>"; };
		B868C956265CD4F61FBE8756 /* SharedContainer.swift */ = {isa = PBXFileReference; lastKnownFileType = sourcecode.swift; path = SharedContainer.swift; sourceTree = "<group>"; };
		C24E362BF1C8AEEA29B3F6D8 /* TextImportView.swift */ = {isa = PBXFileReference; lastKnownFileType = sourcecode.swift; path = TextImportView.swift; sourceTree = "<group>"; };
		C6918E083C67DB08FEAAA331 /* FlashcardGenerator.swift */ = {isa = PBXFileReference; lastKnownFileType = sourcecode.swift; path = FlashcardGenerator.swift; sourceTree = "<group>"; };
		C73E6F801309AF213CFBBCA2 /* SamplesView.swift */ = {isa = PBXFileReference; lastKnownFileType = sourcecode.swift; path = SamplesView.swift; sourceTree = "<group>"; };
		CB97030EE7AF1FA03613B818 /* SettingsView.swift */ = {isa = PBXFileReference; lastKnownFileType = sourcecode.swift; path = SettingsView.swift; sourceTree = "<group>"; };
		D0A27B4F0DDE50FFD59E50F8 /* Info.plist */ = {isa = PBXFileReference; lastKnownFileType = text.plist; path = Info.plist; sourceTree = "<group>"; };
		D0F7CDA6E7635DCCD37D446B /* ImageImportView.swift */ = {isa = PBXFileReference; lastKnownFileType = sourcecode.swift; path = ImageImportView.swift; sourceTree = "<group>"; };
		D405202E2232960E90E45F78 /* AudioIngestion.swift */ = {isa = PBXFileReference; lastKnownFileType = sourcecode.swift; path = AudioIngestion.swift; sourceTree = "<group>"; };
		DEBD979638F7AC9B972B5E15 /* Déjà Entendu.app */ = {isa = PBXFileReference; includeInIndex = 0; lastKnownFileType = wrapper.application; path = "Déjà Entendu.app"; sourceTree = BUILT_PRODUCTS_DIR; };
		E81A7526DFA047699A0A2804 /* VocabularyFlashcardView.swift */ = {isa = PBXFileReference; lastKnownFileType = sourcecode.swift; path = VocabularyFlashcardView.swift; sourceTree = "<group>"; };
		ECDB69FA06163AB2AFC77BFE /* AddToDejaEntendu.entitlements */ = {isa = PBXFileReference; lastKnownFileType = text.plist.entitlements; path = AddToDejaEntendu.entitlements; sourceTree = "<group>"; };
		ED8B6E871C12B6F530C01D7B /* HomeView.swift */ = {isa = PBXFileReference; lastKnownFileType = sourcecode.swift; path = HomeView.swift; sourceTree = "<group>"; };
		F2D90040DF0148DEA2482634 /* TranscriptionRunnerView.swift */ = {isa = PBXFileReference; lastKnownFileType = sourcecode.swift; path = TranscriptionRunnerView.swift; sourceTree = "<group>"; };
		F48871D10B516169D69F88B6 /* AppSettings.swift */ = {isa = PBXFileReference; lastKnownFileType = sourcecode.swift; path = AppSettings.swift; sourceTree = "<group>"; };
		F585D65415D0CE0E02AF4217 /* ImportedTextSample.swift */ = {isa = PBXFileReference; lastKnownFileType = sourcecode.swift; path = ImportedTextSample.swift; sourceTree = "<group>"; };
		F9C994147F6F2B7FED6FAFB6 /* Info.plist */ = {isa = PBXFileReference; lastKnownFileType = text.plist; path = Info.plist; sourceTree = "<group>"; };
		FD6D200A8D247A5D5469DE2F /* AddVocabularyWordView.swift */ = {isa = PBXFileReference; lastKnownFileType = sourcecode.swift; path = AddVocabularyWordView.swift; sourceTree = "<group>"; };
/* End PBXFileReference section */

/* Begin PBXGroup section */
		0A7B8DB21E3425D906E28378 /* StudyNotes */ = {
			isa = PBXGroup;
			children = (
				C6918E083C67DB08FEAAA331 /* FlashcardGenerator.swift */,
				4097CB9BABDA7CDC95A8A86C /* IrohaExplorerView.swift */,
				545CED820912E84C60D93AEA /* PinyinConverter.swift */,
				31C9B7C7306890A74F4BEA9D /* StudyNoteGenerator.swift */,
				241C2FC09591C0730AA0EF55 /* VocabularyEntry.swift */,
				E81A7526DFA047699A0A2804 /* VocabularyFlashcardView.swift */,
				0909CDAE2AEC3B3672066AA3 /* VocabularyListView.swift */,
				1497FE23ADF47C5FBBE22EC2 /* VocabularyStore.swift */,
				36497FF3E478215B6B0196F9 /* WordGlossGenerator.swift */,
			);
			path = StudyNotes;
			sourceTree = "<group>";
		};
		0B1CB2108EA771F4C302F24A = {
			isa = PBXGroup;
			children = (
				344E09E7A71158BA5DEDDE42 /* App */,
				722E0F26350805BD9AD2A2E8 /* ShareExtension */,
				E0CFA76A821E5728085810B4 /* Products */,
			);
			sourceTree = "<group>";
		};
		203C8F2DC2F058503F3614C2 /* Transcription */ = {
			isa = PBXGroup;
			children = (
				4436C189F27EDA7AD4F93AFB /* AudioTranscoder.swift */,
				2E654C219D0CE7AF3C28A4DB /* SpeechTranscriberService.swift */,
				4B853B1C7C82C455A6977DCE /* SupportedLanguage.swift */,
			);
			path = Transcription;
			sourceTree = "<group>";
		};
		344E09E7A71158BA5DEDDE42 /* App */ = {
			isa = PBXGroup;
			children = (
				FD6D200A8D247A5D5469DE2F /* AddVocabularyWordView.swift */,
				F48871D10B516169D69F88B6 /* AppSettings.swift */,
				B82F10D3493959AFBE24EE55 /* AppTheme.swift */,
				B50FE10824FC85FD864D8317 /* Assets.xcassets */,
				5B5932862BBCA2002043D148 /* DejaEntendu.entitlements */,
				3B99D0191D8A4292C6A7D00F /* DejaEntenduApp.swift */,
				98E767063B7F412349B1C30D /* HomeSummaryView.swift */,
				ED8B6E871C12B6F530C01D7B /* HomeView.swift */,
				D0A27B4F0DDE50FFD59E50F8 /* Info.plist */,
				9A2EBF056B94C85D30F3A72F /* SampleKind.swift */,
				CB97030EE7AF1FA03613B818 /* SettingsView.swift */,
				E44DB28005E4AB07077A9D87 /* AudioImport */,
				EE8B0F19DD06418E8A50B612 /* ImageImport */,
				EEEB74786552A86F8E74AE0B /* Pipeline */,
				5F724DBE2E2F0E09191FD234 /* Samples */,
				0A7B8DB21E3425D906E28378 /* StudyNotes */,
				8462061F6975BFA0058A14E1 /* TextImport */,
				203C8F2DC2F058503F3614C2 /* Transcription */,
			);
			path = App;
			sourceTree = "<group>";
		};
		5F724DBE2E2F0E09191FD234 /* Samples */ = {
			isa = PBXGroup;
			children = (
				1B3BF8F0E9050EE05E44893D /* AnySample.swift */,
				C73E6F801309AF213CFBBCA2 /* SamplesView.swift */,
				75709728282290EBEA77AAE6 /* SampleTextGenerator.swift */,
			);
			path = Samples;
			sourceTree = "<group>";
		};
		722E0F26350805BD9AD2A2E8 /* ShareExtension */ = {
			isa = PBXGroup;
			children = (
				ECDB69FA06163AB2AFC77BFE /* AddToDejaEntendu.entitlements */,
				F9C994147F6F2B7FED6FAFB6 /* Info.plist */,
				01BDDE5661401078A20C46D7 /* ShareViewController.swift */,
			);
			path = ShareExtension;
			sourceTree = "<group>";
		};
		8462061F6975BFA0058A14E1 /* TextImport */ = {
			isa = PBXGroup;
			children = (
				F585D65415D0CE0E02AF4217 /* ImportedTextSample.swift */,
				B2D17CA92068C6A51894D2BE /* ImportedTextSampleStore.swift */,
				C24E362BF1C8AEEA29B3F6D8 /* TextImportView.swift */,
			);
			path = TextImport;
			sourceTree = "<group>";
		};
		E0CFA76A821E5728085810B4 /* Products */ = {
			isa = PBXGroup;
			children = (
				5D7C91F03475E5BE03BD8EC2 /* AddToDejaEntendu.appex */,
				DEBD979638F7AC9B972B5E15 /* Déjà Entendu.app */,
			);
			name = Products;
			sourceTree = "<group>";
		};
		E44DB28005E4AB07077A9D87 /* AudioImport */ = {
			isa = PBXGroup;
			children = (
				D405202E2232960E90E45F78 /* AudioIngestion.swift */,
				9097D3B807C2021D8C5C6E0D /* ImportedRecording.swift */,
				6440D69292ACCD843EC41B7F /* ImportedRecordingStore.swift */,
				B868C956265CD4F61FBE8756 /* SharedContainer.swift */,
			);
			path = AudioImport;
			sourceTree = "<group>";
		};
		EE8B0F19DD06418E8A50B612 /* ImageImport */ = {
			isa = PBXGroup;
			children = (
				D0F7CDA6E7635DCCD37D446B /* ImageImportView.swift */,
				36DE32ACD2CF7A4D7EE87328 /* ImageIngestion.swift */,
				654D8ADF7B7D91BD35289A09 /* ImportedImageSample.swift */,
				489F630F10CCC1FCD7D72003 /* ImportedImageSampleStore.swift */,
			);
			path = ImageImport;
			sourceTree = "<group>";
		};
		EEEB74786552A86F8E74AE0B /* Pipeline */ = {
			isa = PBXGroup;
			children = (
				9453282B623D19EFE79CC6A0 /* FlowLayout.swift */,
				400C3472BB8E1C51B4EE4CEC /* TextSegmentation.swift */,
				F2D90040DF0148DEA2482634 /* TranscriptionRunnerView.swift */,
			);
			path = Pipeline;
			sourceTree = "<group>";
		};
/* End PBXGroup section */

/* Begin PBXNativeTarget section */
		683EFAD6250B3CA81A567F14 /* AddToDejaEntendu */ = {
			isa = PBXNativeTarget;
			buildConfigurationList = 7AFD0E244749559CDF3347DB /* Build configuration list for PBXNativeTarget "AddToDejaEntendu" */;
			buildPhases = (
				EB68B899D216677C2F29745F /* Sources */,
			);
			buildRules = (
			);
			dependencies = (
			);
			name = AddToDejaEntendu;
			packageProductDependencies = (
			);
			productName = AddToDejaEntendu;
			productReference = 5D7C91F03475E5BE03BD8EC2 /* AddToDejaEntendu.appex */;
			productType = "com.apple.product-type.app-extension";
		};
		AE382C49801160E4A6A52C1C /* Déjà Entendu */ = {
			isa = PBXNativeTarget;
			buildConfigurationList = BDEB2BB9BB3B6D4F3DD03BC3 /* Build configuration list for PBXNativeTarget "Déjà Entendu" */;
			buildPhases = (
				C595D1D816C1A8CAE95F4D64 /* Sources */,
				76ED2E53845A065174C4DC1C /* Resources */,
				F74F04CB13C1F74285FF209C /* Embed Foundation Extensions */,
			);
			buildRules = (
			);
			dependencies = (
				5EFD29FD3E8E709E4B4D8637 /* PBXTargetDependency */,
			);
			name = "Déjà Entendu";
			packageProductDependencies = (
			);
			productName = "Déjà Entendu";
			productReference = DEBD979638F7AC9B972B5E15 /* Déjà Entendu.app */;
			productType = "com.apple.product-type.application";
		};
/* End PBXNativeTarget section */

/* Begin PBXProject section */
		8412541A4187DCDE118FD657 /* Project object */ = {
			isa = PBXProject;
			attributes = {
				BuildIndependentTargetsInParallel = YES;
				LastUpgradeCheck = 1430;
				TargetAttributes = {
					683EFAD6250B3CA81A567F14 = {
						DevelopmentTeam = 9Q3FCK2997;
						ProvisioningStyle = Automatic;
					};
					AE382C49801160E4A6A52C1C = {
						DevelopmentTeam = 9Q3FCK2997;
						ProvisioningStyle = Automatic;
					};
				};
			};
			buildConfigurationList = 3EC67023780B9E27ACC94CD0 /* Build configuration list for PBXProject "Déjà Entendu" */;
			developmentRegion = en;
			hasScannedForEncodings = 0;
			knownRegions = (
				Base,
				en,
			);
			mainGroup = 0B1CB2108EA771F4C302F24A;
			minimizedProjectReferenceProxies = 1;
			preferredProjectObjectVersion = 77;
			productRefGroup = E0CFA76A821E5728085810B4 /* Products */;
			projectDirPath = "";
			projectRoot = "";
			targets = (
				AE382C49801160E4A6A52C1C /* Déjà Entendu */,
				683EFAD6250B3CA81A567F14 /* AddToDejaEntendu */,
			);
		};
/* End PBXProject section */

/* Begin PBXResourcesBuildPhase section */
		76ED2E53845A065174C4DC1C /* Resources */ = {
			isa = PBXResourcesBuildPhase;
			buildActionMask = 2147483647;
			files = (
				32C35E55ABA9DA1280FED30B /* Assets.xcassets in Resources */,
			);
			runOnlyForDeploymentPostprocessing = 0;
		};
/* End PBXResourcesBuildPhase section */

/* Begin PBXSourcesBuildPhase section */
		C595D1D816C1A8CAE95F4D64 /* Sources */ = {
			isa = PBXSourcesBuildPhase;
			buildActionMask = 2147483647;
			files = (
				AF18FE5F3D4125A28382DEB3 /* AddVocabularyWordView.swift in Sources */,
				AD1468F326E8C99106E35ECE /* AnySample.swift in Sources */,
				09ABE2E1400E88BC0CCB15D3 /* AppSettings.swift in Sources */,
				CCC99BA07416940EC74E6C78 /* AppTheme.swift in Sources */,
				2FF75223233F3A606B2E6193 /* AudioIngestion.swift in Sources */,
				E83036AEB3873C15437896BC /* AudioTranscoder.swift in Sources */,
				8BF0D6D13DE6DE67344DBB05 /* DejaEntenduApp.swift in Sources */,
				CC89ABD3012341C29FFCEEC8 /* FlashcardGenerator.swift in Sources */,
				A35CB35F9875D5B0AF32C314 /* FlowLayout.swift in Sources */,
				531CFFE2A135F991C5E2349B /* HomeSummaryView.swift in Sources */,
				95724C5DBF8018B796C3BF50 /* HomeView.swift in Sources */,
				51F93B6E291A26AE2417EB15 /* ImageImportView.swift in Sources */,
				F5144C6225E892056450FCD4 /* ImageIngestion.swift in Sources */,
				B5151C51163BD857B98D4AE4 /* ImportedImageSample.swift in Sources */,
				916620EA4DD1CB2BA40582D4 /* ImportedImageSampleStore.swift in Sources */,
				63673C8FAC2E483D6726F630 /* ImportedRecording.swift in Sources */,
				635476BF673B235B3805E1E7 /* ImportedRecordingStore.swift in Sources */,
				6EB07C5380A14687F7E46655 /* ImportedTextSample.swift in Sources */,
				D9AB589FE6E3A4209AFD8993 /* ImportedTextSampleStore.swift in Sources */,
				395A311BB2EA35B39E0A324B /* IrohaExplorerView.swift in Sources */,
				75CCB407447E900359D8053E /* PinyinConverter.swift in Sources */,
				936DA7774EF26E9B2853F17C /* SampleKind.swift in Sources */,
				E10D8237FDB27C68FB8225F7 /* SampleTextGenerator.swift in Sources */,
				AEB3EE02C6A968B359CD9AC6 /* SamplesView.swift in Sources */,
				4BD2C3C830E13087C9D8A09C /* SettingsView.swift in Sources */,
				F9A9E6B14BAFDA3DDB9061C3 /* SharedContainer.swift in Sources */,
				77797AD12F21257B3216CC57 /* SpeechTranscriberService.swift in Sources */,
				4A9D006ABCFD3DA1463D0AF2 /* StudyNoteGenerator.swift in Sources */,
				60BED0A232FDDCD645DE9000 /* SupportedLanguage.swift in Sources */,
				649C6805328AF662B06D3AAE /* TextImportView.swift in Sources */,
				93E39111A8A1D46D559374EF /* TextSegmentation.swift in Sources */,
				2C4760BA986A0BDD263AC21E /* TranscriptionRunnerView.swift in Sources */,
				4747BB10B262695C49AF849D /* VocabularyEntry.swift in Sources */,
				367D83537D932CA8CF80A219 /* VocabularyFlashcardView.swift in Sources */,
				48D40D6016A289D197A8544F /* VocabularyListView.swift in Sources */,
				A072511B809A6011E9CE02DE /* VocabularyStore.swift in Sources */,
				F6CAFEF06BA6318E3BC9C464 /* WordGlossGenerator.swift in Sources */,
			);
			runOnlyForDeploymentPostprocessing = 0;
		};
		EB68B899D216677C2F29745F /* Sources */ = {
			isa = PBXSourcesBuildPhase;
			buildActionMask = 2147483647;
			files = (
				ABEDF272E91FA658B66645D2 /* ShareViewController.swift in Sources */,
			);
			runOnlyForDeploymentPostprocessing = 0;
		};
/* End PBXSourcesBuildPhase section */

/* Begin PBXTargetDependency section */
		5EFD29FD3E8E709E4B4D8637 /* PBXTargetDependency */ = {
			isa = PBXTargetDependency;
			target = 683EFAD6250B3CA81A567F14 /* AddToDejaEntendu */;
			targetProxy = 3243B375F555F13928FC1F52 /* PBXContainerItemProxy */;
		};
/* End PBXTargetDependency section */

/* Begin XCBuildConfiguration section */
		15F209E46D6A6929FE5A53A9 /* Debug */ = {
			isa = XCBuildConfiguration;
			buildSettings = {
				ALWAYS_SEARCH_USER_PATHS = NO;
				CLANG_ANALYZER_NONNULL = YES;
				CLANG_ANALYZER_NUMBER_OBJECT_CONVERSION = YES_AGGRESSIVE;
				CLANG_CXX_LANGUAGE_STANDARD = "gnu++14";
				CLANG_CXX_LIBRARY = "libc++";
				CLANG_ENABLE_MODULES = YES;
				CLANG_ENABLE_OBJC_ARC = YES;
				CLANG_ENABLE_OBJC_WEAK = YES;
				CLANG_WARN_BLOCK_CAPTURE_AUTORELEASING = YES;
				CLANG_WARN_BOOL_CONVERSION = YES;
				CLANG_WARN_COMMA = YES;
				CLANG_WARN_CONSTANT_CONVERSION = YES;
				CLANG_WARN_DEPRECATED_OBJC_IMPLEMENTATIONS = YES;
				CLANG_WARN_DIRECT_OBJC_ISA_USAGE = YES_ERROR;
				CLANG_WARN_DOCUMENTATION_COMMENTS = YES;
				CLANG_WARN_EMPTY_BODY = YES;
				CLANG_WARN_ENUM_CONVERSION = YES;
				CLANG_WARN_INFINITE_RECURSION = YES;
				CLANG_WARN_INT_CONVERSION = YES;
				CLANG_WARN_NON_LITERAL_NULL_CONVERSION = YES;
				CLANG_WARN_OBJC_IMPLICIT_RETAIN_SELF = YES;
				CLANG_WARN_OBJC_LITERAL_CONVERSION = YES;
				CLANG_WARN_OBJC_ROOT_CLASS = YES_ERROR;
				CLANG_WARN_QUOTED_INCLUDE_IN_FRAMEWORK_HEADER = YES;
				CLANG_WARN_RANGE_LOOP_ANALYSIS = YES;
				CLANG_WARN_STRICT_PROTOTYPES = YES;
				CLANG_WARN_SUSPICIOUS_MOVE = YES;
				CLANG_WARN_UNGUARDED_AVAILABILITY = YES_AGGRESSIVE;
				CLANG_WARN_UNREACHABLE_CODE = YES;
				CLANG_WARN__DUPLICATE_METHOD_MATCH = YES;
				COPY_PHASE_STRIP = NO;
				DEBUG_INFORMATION_FORMAT = dwarf;
				ENABLE_STRICT_OBJC_MSGSEND = YES;
				ENABLE_TESTABILITY = YES;
				GCC_C_LANGUAGE_STANDARD = gnu11;
				GCC_DYNAMIC_NO_PIC = NO;
				GCC_NO_COMMON_BLOCKS = YES;
				GCC_OPTIMIZATION_LEVEL = 0;
				GCC_PREPROCESSOR_DEFINITIONS = (
					"$(inherited)",
					"DEBUG=1",
				);
				GCC_WARN_64_TO_32_BIT_CONVERSION = YES;
				GCC_WARN_ABOUT_RETURN_TYPE = YES_ERROR;
				GCC_WARN_UNDECLARED_SELECTOR = YES;
				GCC_WARN_UNINITIALIZED_AUTOS = YES_AGGRESSIVE;
				GCC_WARN_UNUSED_FUNCTION = YES;
				GCC_WARN_UNUSED_VARIABLE = YES;
				IPHONEOS_DEPLOYMENT_TARGET = 26.0;
				MTL_ENABLE_DEBUG_INFO = INCLUDE_SOURCE;
				MTL_FAST_MATH = YES;
				ONLY_ACTIVE_ARCH = YES;
				PRODUCT_NAME = "$(TARGET_NAME)";
				SDKROOT = iphoneos;
				SWIFT_ACTIVE_COMPILATION_CONDITIONS = DEBUG;
				SWIFT_OPTIMIZATION_LEVEL = "-Onone";
				SWIFT_VERSION = 5.0;
			};
			name = Debug;
		};
		7EA2DB5F753364C52E6DF90B /* Release */ = {
			isa = XCBuildConfiguration;
			buildSettings = {
				CODE_SIGN_ENTITLEMENTS = ShareExtension/AddToDejaEntendu.entitlements;
				CODE_SIGN_STYLE = Automatic;
				CURRENT_PROJECT_VERSION = 24;
				DERIVE_MACCATALYST_PRODUCT_BUNDLE_IDENTIFIER = NO;
				DEVELOPMENT_TEAM = 9Q3FCK2997;
				INFOPLIST_FILE = ShareExtension/Info.plist;
				IPHONEOS_DEPLOYMENT_TARGET = 26.0;
				LD_RUNPATH_SEARCH_PATHS = (
					"$(inherited)",
					"@executable_path/Frameworks",
					"@executable_path/../../Frameworks",
				);
				MARKETING_VERSION = 1.0;
				PRODUCT_BUNDLE_IDENTIFIER = com.ncubeeight.dejaentendu.share;
				SDKROOT = iphoneos;
				SKIP_INSTALL = YES;
				SUPPORTS_MACCATALYST = YES;
				TARGETED_DEVICE_FAMILY = "1,2";
			};
			name = Release;
		};
		8590B6CC40D7A3CBCFE03F22 /* Release */ = {
			isa = XCBuildConfiguration;
			buildSettings = {
				ASSETCATALOG_COMPILER_APPICON_NAME = AppIcon;
				CODE_SIGN_ENTITLEMENTS = App/DejaEntendu.entitlements;
				CODE_SIGN_IDENTITY = "iPhone Developer";
				CODE_SIGN_STYLE = Automatic;
				CURRENT_PROJECT_VERSION = 24;
				DERIVE_MACCATALYST_PRODUCT_BUNDLE_IDENTIFIER = NO;
				DEVELOPMENT_TEAM = 9Q3FCK2997;
				INFOPLIST_FILE = App/Info.plist;
				IPHONEOS_DEPLOYMENT_TARGET = 26.0;
				LD_RUNPATH_SEARCH_PATHS = (
					"$(inherited)",
					"@executable_path/Frameworks",
				);
				MARKETING_VERSION = 1.0;
				PRODUCT_BUNDLE_IDENTIFIER = com.ncubeeight.dejaentendu;
				SDKROOT = iphoneos;
				SUPPORTS_MACCATALYST = YES;
				TARGETED_DEVICE_FAMILY = "1,2";
			};
			name = Release;
		};
		8F3F235C4924F36FFB7B96A8 /* Debug */ = {
			isa = XCBuildConfiguration;
			buildSettings = {
				CODE_SIGN_ENTITLEMENTS = ShareExtension/AddToDejaEntendu.entitlements;
				CODE_SIGN_STYLE = Automatic;
				CURRENT_PROJECT_VERSION = 24;
				DERIVE_MACCATALYST_PRODUCT_BUNDLE_IDENTIFIER = NO;
				DEVELOPMENT_TEAM = 9Q3FCK2997;
				INFOPLIST_FILE = ShareExtension/Info.plist;
				IPHONEOS_DEPLOYMENT_TARGET = 26.0;
				LD_RUNPATH_SEARCH_PATHS = (
					"$(inherited)",
					"@executable_path/Frameworks",
					"@executable_path/../../Frameworks",
				);
				MARKETING_VERSION = 1.0;
				PRODUCT_BUNDLE_IDENTIFIER = com.ncubeeight.dejaentendu.share;
				SDKROOT = iphoneos;
				SKIP_INSTALL = YES;
				SUPPORTS_MACCATALYST = YES;
				TARGETED_DEVICE_FAMILY = "1,2";
			};
			name = Debug;
		};
		9085E91C3B74E61763C7AD6D /* Debug */ = {
			isa = XCBuildConfiguration;
			buildSettings = {
				ASSETCATALOG_COMPILER_APPICON_NAME = AppIcon;
				CODE_SIGN_ENTITLEMENTS = App/DejaEntendu.entitlements;
				CODE_SIGN_IDENTITY = "iPhone Developer";
				CODE_SIGN_STYLE = Automatic;
				CURRENT_PROJECT_VERSION = 24;
				DERIVE_MACCATALYST_PRODUCT_BUNDLE_IDENTIFIER = NO;
				DEVELOPMENT_TEAM = 9Q3FCK2997;
				INFOPLIST_FILE = App/Info.plist;
				IPHONEOS_DEPLOYMENT_TARGET = 26.0;
				LD_RUNPATH_SEARCH_PATHS = (
					"$(inherited)",
					"@executable_path/Frameworks",
				);
				MARKETING_VERSION = 1.0;
				PRODUCT_BUNDLE_IDENTIFIER = com.ncubeeight.dejaentendu;
				SDKROOT = iphoneos;
				SUPPORTS_MACCATALYST = YES;
				TARGETED_DEVICE_FAMILY = "1,2";
			};
			name = Debug;
		};
		98C479BB965229B5511BAC84 /* Release */ = {
			isa = XCBuildConfiguration;
			buildSettings = {
				ALWAYS_SEARCH_USER_PATHS = NO;
				CLANG_ANALYZER_NONNULL = YES;
				CLANG_ANALYZER_NUMBER_OBJECT_CONVERSION = YES_AGGRESSIVE;
				CLANG_CXX_LANGUAGE_STANDARD = "gnu++14";
				CLANG_CXX_LIBRARY = "libc++";
				CLANG_ENABLE_MODULES = YES;
				CLANG_ENABLE_OBJC_ARC = YES;
				CLANG_ENABLE_OBJC_WEAK = YES;
				CLANG_WARN_BLOCK_CAPTURE_AUTORELEASING = YES;
				CLANG_WARN_BOOL_CONVERSION = YES;
				CLANG_WARN_COMMA = YES;
				CLANG_WARN_CONSTANT_CONVERSION = YES;
				CLANG_WARN_DEPRECATED_OBJC_IMPLEMENTATIONS = YES;
				CLANG_WARN_DIRECT_OBJC_ISA_USAGE = YES_ERROR;
				CLANG_WARN_DOCUMENTATION_COMMENTS = YES;
				CLANG_WARN_EMPTY_BODY = YES;
				CLANG_WARN_ENUM_CONVERSION = YES;
				CLANG_WARN_INFINITE_RECURSION = YES;
				CLANG_WARN_INT_CONVERSION = YES;
				CLANG_WARN_NON_LITERAL_NULL_CONVERSION = YES;
				CLANG_WARN_OBJC_IMPLICIT_RETAIN_SELF = YES;
				CLANG_WARN_OBJC_LITERAL_CONVERSION = YES;
				CLANG_WARN_OBJC_ROOT_CLASS = YES_ERROR;
				CLANG_WARN_QUOTED_INCLUDE_IN_FRAMEWORK_HEADER = YES;
				CLANG_WARN_RANGE_LOOP_ANALYSIS = YES;
				CLANG_WARN_STRICT_PROTOTYPES = YES;
				CLANG_WARN_SUSPICIOUS_MOVE = YES;
				CLANG_WARN_UNGUARDED_AVAILABILITY = YES_AGGRESSIVE;
				CLANG_WARN_UNREACHABLE_CODE = YES;
				CLANG_WARN__DUPLICATE_METHOD_MATCH = YES;
				COPY_PHASE_STRIP = NO;
				DEBUG_INFORMATION_FORMAT = "dwarf-with-dsym";
				ENABLE_NS_ASSERTIONS = NO;
				ENABLE_STRICT_OBJC_MSGSEND = YES;
				GCC_C_LANGUAGE_STANDARD = gnu11;
				GCC_NO_COMMON_BLOCKS = YES;
				GCC_WARN_64_TO_32_BIT_CONVERSION = YES;
				GCC_WARN_ABOUT_RETURN_TYPE = YES_ERROR;
				GCC_WARN_UNDECLARED_SELECTOR = YES;
				GCC_WARN_UNINITIALIZED_AUTOS = YES_AGGRESSIVE;
				GCC_WARN_UNUSED_FUNCTION = YES;
				GCC_WARN_UNUSED_VARIABLE = YES;
				IPHONEOS_DEPLOYMENT_TARGET = 26.0;
				MTL_ENABLE_DEBUG_INFO = NO;
				MTL_FAST_MATH = YES;
				PRODUCT_NAME = "$(TARGET_NAME)";
				SDKROOT = iphoneos;
				SWIFT_COMPILATION_MODE = wholemodule;
				SWIFT_OPTIMIZATION_LEVEL = "-O";
				SWIFT_VERSION = 5.0;
			};
			name = Release;
		};
/* End XCBuildConfiguration section */

/* Begin XCConfigurationList section */
		3EC67023780B9E27ACC94CD0 /* Build configuration list for PBXProject "Déjà Entendu" */ = {
			isa = XCConfigurationList;
			buildConfigurations = (
				15F209E46D6A6929FE5A53A9 /* Debug */,
				98C479BB965229B5511BAC84 /* Release */,
			);
			defaultConfigurationIsVisible = 0;
			defaultConfigurationName = Debug;
		};
		7AFD0E244749559CDF3347DB /* Build configuration list for PBXNativeTarget "AddToDejaEntendu" */ = {
			isa = XCConfigurationList;
			buildConfigurations = (
				8F3F235C4924F36FFB7B96A8 /* Debug */,
				7EA2DB5F753364C52E6DF90B /* Release */,
			);
			defaultConfigurationIsVisible = 0;
			defaultConfigurationName = Debug;
		};
		BDEB2BB9BB3B6D4F3DD03BC3 /* Build configuration list for PBXNativeTarget "Déjà Entendu" */ = {
			isa = XCConfigurationList;
			buildConfigurations = (
				9085E91C3B74E61763C7AD6D /* Debug */,
				8590B6CC40D7A3CBCFE03F22 /* Release */,
			);
			defaultConfigurationIsVisible = 0;
			defaultConfigurationName = Debug;
		};
/* End XCConfigurationList section */
	};
	rootObject = 8412541A4187DCDE118FD657 /* Project object */;
}
